{
    "_meta": {
        "hash": {
            "sha256": "9058a57b4740ee59b44165cf64d7a3f735f1d11830f05d196df14f71281892ee"
        },
        "pipfile-spec": 6,
        "requires": {},
        "sources": [
            {
                "name": "pypi",
                "url": "https://pypi.org/simple",
                "verify_ssl": true
            }
        ]
    },
    "default": {
        "do-py": {
            "hashes": [
                "sha256:081cd0bfe0c158db310240b0f651870205b77c98d94e7bce6cd6d39887ddab2b",
                "sha256:24f55bb30aa8246bf05d819d7fe2a2daf5a0f9e63bcdad84f8c82b25ff65d5eb"
            ],
            "index": "pypi",
            "version": "==0.3.5"
        },
        "future": {
            "hashes": [
                "sha256:b1bead90b70cf6ec3f0710ae53a525360fa360d306a86583adc6bf83a4db537d"
            ],
            "markers": "python_version >= '2.6' and python_version not in '3.0, 3.1, 3.2'",
            "version": "==0.18.2"
        },
        "pyhumps": {
            "hashes": [
                "sha256:042b4b6eec6c1f862f8310c0eebbae19293e9edab8cafb030ff78c890ef1aa34",
                "sha256:367b1aadcaa64f8196a3cd14f56559a5602950aeb8486f49318e7394f5e18052"
            ],
            "index": "pypi",
            "version": "==3.0.2"
        },
        "pymysql": {
            "hashes": [
                "sha256:41fc3a0c5013d5f039639442321185532e3e2c8924687abe6537de157d403641",
                "sha256:816927a350f38d56072aeca5dfb10221fe1dc653745853d30a216637f5d7ad36"
            ],
            "index": "pypi",
            "version": "==1.0.2"
        },
        "sqlalchemy": {
            "hashes": [
                "sha256:015511c52c650eebf1059ed8a21674d9d4ae567ebfd80fc73f8252faccd71864",
                "sha256:0438bccc16349db2d5203598be6073175ce16d4e53b592d6e6cef880c197333e",
                "sha256:10230364479429437f1b819a8839f1edc5744c018bfeb8d01320930f97695bc9",
                "sha256:2146ef996181e3d4dd20eaf1d7325eb62d6c8aa4dc1677c1872ddfa8561a47d9",
                "sha256:24828c5e74882cf41516740c0b150702bee4c6817d87d5c3d3bafef2e6896f80",
                "sha256:2717ceae35e71de1f58b0d1ee7e773d3aab5c403c6e79e8d262277c7f7f95269",
                "sha256:2e93624d186ea7a738ada47314701c8830e0e4b021a6bce7fbe6f39b87ee1516",
                "sha256:435b1980c1333ffe3ab386ad28d7b209590b0fa83ea8544d853e7a22f957331b",
                "sha256:486f7916ef77213103467924ef25f5ea1055ae901f385fe4d707604095fdf6a9",
                "sha256:4ac8306e04275d382d6393e557047b0a9d7ddf9f7ca5da9b3edbd9323ea75bd9",
                "sha256:4d1d707b752137e6bf45720648e1b828d5e4881d690df79cca07f7217ea06365",
                "sha256:52f23a76544ed29573c0f3ee41f0ca1aedbab3a453102b60b540cc6fa55448ad",
                "sha256:5beeff18b4e894f6cb73c8daf2c0d8768844ef40d97032bb187d75b1ec8de24b",
                "sha256:6510f4a5029643301bdfe56b61e806093af2101d347d485c42a5535847d2c699",
                "sha256:6afa9e4e63f066e0fd90a21db7e95e988d96127f52bfb298a0e9bec6999357a9",
                "sha256:771eca9872b47a629010665ff92de1c248a6979b8d1603daced37773d6f6e365",
                "sha256:78943451ab3ffd0e27876f9cea2b883317518b418f06b90dadf19394534637e9",
                "sha256:8327e468b1775c0dfabc3d01f39f440585bf4d398508fcbbe2f0d931c502337d",
                "sha256:8dbe5f639e6d035778ebf700be6d573f82a13662c3c2c3aa0f1dba303b942806",
                "sha256:9134e5810262203388b203c2022bbcbf1a22e89861eef9340e772a73dd9076fa",
                "sha256:9369f927f4d19b58322cfea8a51710a3f7c47a0e7f3398d94a4632760ecd74f6",
                "sha256:987fe2f84ceaf744fa0e48805152abe485a9d7002c9923b18a4b2529c7bff218",
                "sha256:a5881644fc51af7b232ab8d64f75c0f32295dfe88c2ee188023795cdbd4cf99b",
                "sha256:a81e40dfa50ed3c472494adadba097640bfcf43db160ed783132045eb2093cb1",
                "sha256:aadc6d1e58e14010ae4764d1ba1fd0928dbb9423b27a382ea3a1444f903f4084",
                "sha256:ad8ec6b69d03e395db48df8991aa15fce3cd23e378b73e01d46a26a6efd5c26d",
                "sha256:b02eee1577976acb4053f83d32b7826424f8b9f70809fa756529a52c6537eda4",
                "sha256:bac949be7579fed824887eed6672f44b7c4318abbfb2004b2c6968818b535a2f",
                "sha256:c035184af4e58e154b0977eea52131edd096e0754a88f7d5a847e7ccb3510772",
                "sha256:c7d0a1b1258efff7d7f2e6cfa56df580d09ba29d35a1e3f604f867e1f685feb2",
                "sha256:cc49fb8ff103900c20e4a9c53766c82a7ebbc183377fb357a8298bad216e9cdd",
                "sha256:d768359daeb3a86644f3854c6659e4496a3e6bba2b4651ecc87ce7ad415b320c",
                "sha256:d81c84c9d2523b3ea20f8e3aceea68615768a7464c0f9a9899600ce6592ec570",
                "sha256:ec1c908fa721f2c5684900cc8ff75555b1a5a2ae4f5a5694eb0e37a5263cea44",
                "sha256:fa52534076394af7315306a8701b726a6521b591d95e8f4e5121c82f94790e8d",
                "sha256:fd421a14edf73cfe01e8f51ed8966294ee3b3db8da921cacc88e497fd6e977af"
            ],
            "index": "pypi",
            "version": "==1.4.27"
        }
    },
    "develop": {
        "appnope": {
            "hashes": [
                "sha256:93aa393e9d6c54c5cd570ccadd8edad61ea0c4b9ea7a01409020c9aa019eb442",
                "sha256:dd83cd4b5b460958838f6eb3000c660b1f9caf2a5b1de4264e941512f603258a"
            ],
            "markers": "sys_platform == 'darwin'",
            "version": "==0.1.2"
        },
        "attrs": {
            "hashes": [
                "sha256:149e90d6d8ac20db7a955ad60cf0e6881a3f20d37096140088356da6c716b0b1",
                "sha256:ef6aaac3ca6cd92904cdd0d83f629a15f18053ec84e6432106f7a4d04ae4f5fb"
            ],
            "markers": "python_version >= '2.7' and python_version not in '3.0, 3.1, 3.2, 3.3, 3.4'",
            "version": "==21.2.0"
        },
        "backcall": {
            "hashes": [
                "sha256:5cbdbf27be5e7cfadb448baf0aa95508f91f2bbc6c6437cd9cd06e2a4c215e1e",
                "sha256:fbbce6a29f263178a1f7915c1940bde0ec2b2a967566fe1c65c1dfb7422bd255"
            ],
            "version": "==0.2.0"
        },
        "bleach": {
            "hashes": [
                "sha256:0900d8b37eba61a802ee40ac0061f8c2b5dee29c1927dd1d233e075ebf5a71da",
                "sha256:4d2651ab93271d1129ac9cbc679f524565cc8a1b791909c4a51eac4446a15994"
            ],
            "markers": "python_version >= '3.6'",
            "version": "==4.1.0"
        },
        "certifi": {
            "hashes": [
                "sha256:78884e7c1d4b00ce3cea67b44566851c4343c120abd683433ce934a68ea58872",
                "sha256:d62a0163eb4c2344ac042ab2bdf75399a71a2d8c7d47eac2e2ee91b9d6339569"
            ],
            "version": "==2021.10.8"
        },
        "charset-normalizer": {
            "hashes": [
                "sha256:735e240d9a8506778cd7a453d97e817e536bb1fc29f4f6961ce297b9c7a917b0",
                "sha256:83fcdeb225499d6344c8f7f34684c2981270beacc32ede2e669e94f7fa544405"
            ],
            "markers": "python_version >= '3'",
            "version": "==2.0.8"
        },
        "colorama": {
            "hashes": [
                "sha256:5941b2b48a20143d2267e95b1c2a7603ce057ee39fd88e7329b0c292aa16869b",
                "sha256:9f47eda37229f68eee03b24b9748937c7dc3868f906e8ba69fbcbdd3bc5dc3e2"
            ],
            "markers": "python_version >= '2.7' and python_version not in '3.0, 3.1, 3.2, 3.3, 3.4'",
            "version": "==0.4.4"
        },
        "coverage": {
            "hashes": [
                "sha256:01774a2c2c729619760320270e42cd9e797427ecfddd32c2a7b639cdc481f3c0",
                "sha256:03b20e52b7d31be571c9c06b74746746d4eb82fc260e594dc662ed48145e9efd",
                "sha256:0a7726f74ff63f41e95ed3a89fef002916c828bb5fcae83b505b49d81a066884",
                "sha256:1219d760ccfafc03c0822ae2e06e3b1248a8e6d1a70928966bafc6838d3c9e48",
                "sha256:13362889b2d46e8d9f97c421539c97c963e34031ab0cb89e8ca83a10cc71ac76",
                "sha256:174cf9b4bef0db2e8244f82059a5a72bd47e1d40e71c68ab055425172b16b7d0",
                "sha256:17e6c11038d4ed6e8af1407d9e89a2904d573be29d51515f14262d7f10ef0a64",
                "sha256:215f8afcc02a24c2d9a10d3790b21054b58d71f4b3c6f055d4bb1b15cecce685",
                "sha256:22e60a3ca5acba37d1d4a2ee66e051f5b0e1b9ac950b5b0cf4aa5366eda41d47",
                "sha256:2641f803ee9f95b1f387f3e8f3bf28d83d9b69a39e9911e5bfee832bea75240d",
                "sha256:276651978c94a8c5672ea60a2656e95a3cce2a3f31e9fb2d5ebd4c215d095840",
                "sha256:3f7c17209eef285c86f819ff04a6d4cbee9b33ef05cbcaae4c0b4e8e06b3ec8f",
                "sha256:3feac4084291642165c3a0d9eaebedf19ffa505016c4d3db15bfe235718d4971",
                "sha256:49dbff64961bc9bdd2289a2bda6a3a5a331964ba5497f694e2cbd540d656dc1c",
                "sha256:4e547122ca2d244f7c090fe3f4b5a5861255ff66b7ab6d98f44a0222aaf8671a",
                "sha256:5829192582c0ec8ca4a2532407bc14c2f338d9878a10442f5d03804a95fac9de",
                "sha256:5d6b09c972ce9200264c35a1d53d43ca55ef61836d9ec60f0d44273a31aa9f17",
                "sha256:600617008aa82032ddeace2535626d1bc212dfff32b43989539deda63b3f36e4",
                "sha256:619346d57c7126ae49ac95b11b0dc8e36c1dd49d148477461bb66c8cf13bb521",
                "sha256:63c424e6f5b4ab1cf1e23a43b12f542b0ec2e54f99ec9f11b75382152981df57",
                "sha256:6dbc1536e105adda7a6312c778f15aaabe583b0e9a0b0a324990334fd458c94b",
                "sha256:6e1394d24d5938e561fbeaa0cd3d356207579c28bd1792f25a068743f2d5b282",
                "sha256:86f2e78b1eff847609b1ca8050c9e1fa3bd44ce755b2ec30e70f2d3ba3844644",
                "sha256:8bdfe9ff3a4ea37d17f172ac0dff1e1c383aec17a636b9b35906babc9f0f5475",
                "sha256:8e2c35a4c1f269704e90888e56f794e2d9c0262fb0c1b1c8c4ee44d9b9e77b5d",
                "sha256:92b8c845527eae547a2a6617d336adc56394050c3ed8a6918683646328fbb6da",
                "sha256:9365ed5cce5d0cf2c10afc6add145c5037d3148585b8ae0e77cc1efdd6aa2953",
                "sha256:9a29311bd6429be317c1f3fe4bc06c4c5ee45e2fa61b2a19d4d1d6111cb94af2",
                "sha256:9a2b5b52be0a8626fcbffd7e689781bf8c2ac01613e77feda93d96184949a98e",
                "sha256:a4bdeb0a52d1d04123b41d90a4390b096f3ef38eee35e11f0b22c2d031222c6c",
                "sha256:a9c8c4283e17690ff1a7427123ffb428ad6a52ed720d550e299e8291e33184dc",
                "sha256:b637c57fdb8be84e91fac60d9325a66a5981f8086c954ea2772efe28425eaf64",
                "sha256:bf154ba7ee2fd613eb541c2bc03d3d9ac667080a737449d1a3fb342740eb1a74",
                "sha256:c254b03032d5a06de049ce8bca8338a5185f07fb76600afff3c161e053d88617",
                "sha256:c332d8f8d448ded473b97fefe4a0983265af21917d8b0cdcb8bb06b2afe632c3",
                "sha256:c7912d1526299cb04c88288e148c6c87c0df600eca76efd99d84396cfe00ef1d",
                "sha256:cfd9386c1d6f13b37e05a91a8583e802f8059bebfccde61a418c5808dea6bbfa",
                "sha256:d5d2033d5db1d58ae2d62f095e1aefb6988af65b4b12cb8987af409587cc0739",
                "sha256:dca38a21e4423f3edb821292e97cec7ad38086f84313462098568baedf4331f8",
                "sha256:e2cad8093172b7d1595b4ad66f24270808658e11acf43a8f95b41276162eb5b8",
                "sha256:e3db840a4dee542e37e09f30859f1612da90e1c5239a6a2498c473183a50e781",
                "sha256:edcada2e24ed68f019175c2b2af2a8b481d3d084798b8c20d15d34f5c733fa58",
                "sha256:f467bbb837691ab5a8ca359199d3429a11a01e6dfb3d9dcc676dc035ca93c0a9",
                "sha256:f506af4f27def639ba45789fa6fde45f9a217da0be05f8910458e4557eed020c",
                "sha256:f614fc9956d76d8a88a88bb41ddc12709caa755666f580af3a688899721efecd",
                "sha256:f9afb5b746781fc2abce26193d1c817b7eb0e11459510fba65d2bd77fe161d9e",
                "sha256:fb8b8ee99b3fffe4fd86f4c81b35a6bf7e4462cba019997af2fe679365db0c49"
            ],
            "index": "pypi",
            "version": "==6.2"
        },
        "decorator": {
            "hashes": [
                "sha256:7b12e7c3c6ab203a29e157335e9122cb03de9ab7264b137594103fd4a683b374",
                "sha256:e59913af105b9860aa2c8d3272d9de5a56a4e608db9a2f167a8480b323d529a7"
            ],
            "markers": "python_version >= '3.5'",
            "version": "==5.1.0"
        },
        "docutils": {
            "hashes": [
                "sha256:23010f129180089fbcd3bc08cfefccb3b890b0050e1ca00c867036e9d161b98c",
                "sha256:679987caf361a7539d76e584cbeddc311e3aee937877c87346f31debc63e9d06"
            ],
            "markers": "python_version >= '2.7' and python_version not in '3.0, 3.1, 3.2, 3.3, 3.4'",
            "version": "==0.18.1"
        },
        "execnet": {
            "hashes": [
                "sha256:8f694f3ba9cc92cab508b152dcfe322153975c29bda272e2fd7f3f00f36e47c5",
                "sha256:a295f7cc774947aac58dde7fdc85f4aa00c42adf5d8f5468fc630c1acf30a142"
            ],
            "markers": "python_version >= '2.7' and python_version not in '3.0, 3.1, 3.2, 3.3, 3.4'",
            "version": "==1.9.0"
        },
        "idna": {
            "hashes": [
                "sha256:84d9dd047ffa80596e0f246e2eab0b391788b0503584e8945f2368256d2735ff",
                "sha256:9d643ff0a55b762d5cdb124b8eaa99c66322e2157b69160bc32796e824360e6d"
            ],
            "markers": "python_version >= '3'",
            "version": "==3.3"
        },
        "importlib-metadata": {
            "hashes": [
                "sha256:53ccfd5c134223e497627b9815d5030edf77d2ed573922f7a0b8f8bb81a1c100",
                "sha256:75bdec14c397f528724c1bfd9709d660b33a4d2e77387a3358f20b848bb5e5fb"
            ],
            "markers": "python_version >= '3.6'",
            "version": "==4.8.2"
        },
        "iniconfig": {
            "hashes": [
                "sha256:011e24c64b7f47f6ebd835bb12a743f2fbe9a26d4cecaa7f53bc4f35ee9da8b3",
                "sha256:bc3af051d7d14b2ee5ef9969666def0cd1a000e121eaea580d4a313df4b37f32"
            ],
            "version": "==1.1.1"
        },
        "ipdb": {
            "hashes": [
                "sha256:951bd9a64731c444fd907a5ce268543020086a697f6be08f7cc2c9a752a278c5"
            ],
            "index": "pypi",
            "version": "==0.13.9"
        },
        "ipython": {
            "hashes": [
                "sha256:c8f3e07aefb9cf9e067f39686f035ce09b27a1ee602116a3030b91b6fc138ee4",
                "sha256:d41f8e80b99690122400f9b2069b12f670246a1b4cc5d332bd6c4e2500e6d6fb"
            ],
            "index": "pypi",
            "version": "==7.30.0"
        },
        "jedi": {
            "hashes": [
                "sha256:637c9635fcf47945ceb91cd7f320234a7be540ded6f3e99a50cb6febdfd1ba8d",
                "sha256:74137626a64a99c8eb6ae5832d99b3bdd7d29a3850fe2aa80a4126b2a7d949ab"
            ],
            "markers": "python_version >= '3.6'",
            "version": "==0.18.1"
        },
        "keyring": {
            "hashes": [
                "sha256:0adeca86beb3a2f79362d92c7fb71949be751e72463f2c1350e2ab5c0fbd3701",
                "sha256:3842db6b5f660d3c0a0b5aeb3bd5aa60241fe313bcfc7828f8df41b1e6fb1e51"
            ],
            "markers": "python_version >= '3.6'",
            "version": "==23.3.0"
        },
        "matplotlib-inline": {
            "hashes": [
                "sha256:a04bfba22e0d1395479f866853ec1ee28eea1485c1d69a6faf00dc3e24ff34ee",
                "sha256:aed605ba3b72462d64d475a21a9296f400a19c4f74a31b59103d2a99ffd5aa5c"
            ],
            "markers": "python_version >= '3.5'",
            "version": "==0.1.3"
        },
        "packaging": {
            "hashes": [
                "sha256:dd47c42927d89ab911e606518907cc2d3a1f38bbd026385970643f9c5b8ecfeb",
                "sha256:ef103e05f519cdc783ae24ea4e2e0f508a9c99b2d4969652eed6a2e1ea5bd522"
            ],
            "markers": "python_version >= '3.6'",
            "version": "==21.3"
        },
        "parso": {
            "hashes": [
                "sha256:12b83492c6239ce32ff5eed6d3639d6a536170723c6f3f1506869f1ace413398",
                "sha256:a8c4922db71e4fdb90e0d0bc6e50f9b273d3397925e5e60a717e719201778d22"
            ],
            "markers": "python_version >= '3.6'",
            "version": "==0.8.2"
        },
        "pexpect": {
            "hashes": [
                "sha256:0b48a55dcb3c05f3329815901ea4fc1537514d6ba867a152b581d69ae3710937",
                "sha256:fc65a43959d153d0114afe13997d439c22823a27cefceb5ff35c2178c6784c0c"
            ],
            "markers": "sys_platform != 'win32'",
            "version": "==4.8.0"
        },
        "pickleshare": {
            "hashes": [
                "sha256:87683d47965c1da65cdacaf31c8441d12b8044cdec9aca500cd78fc2c683afca",
                "sha256:9649af414d74d4df115d5d718f82acb59c9d418196b7b4290ed47a12ce62df56"
            ],
            "version": "==0.7.5"
        },
        "pkginfo": {
            "hashes": [
                "sha256:65175ffa2c807220673a41c371573ac9a1ea1b19ffd5eef916278f428319934f",
                "sha256:bb55a6c017d50f2faea5153abc7b05a750e7ea7ae2cbb7fb3ad6f1dcf8d40988"
            ],
            "version": "==1.8.1"
        },
        "pluggy": {
            "hashes": [
                "sha256:4224373bacce55f955a878bf9cfa763c1e360858e330072059e10bad68531159",
                "sha256:74134bbf457f031a36d68416e1509f34bd5ccc019f0bcc952c7b909d06b37bd3"
            ],
            "markers": "python_version >= '3.6'",
            "version": "==1.0.0"
        },
        "prompt-toolkit": {
            "hashes": [
                "sha256:5f29d62cb7a0ecacfa3d8ceea05a63cd22500543472d64298fc06ddda906b25d",
                "sha256:7053aba00895473cb357819358ef33f11aa97e4ac83d38efb123e5649ceeecaf"
            ],
            "markers": "python_full_version >= '3.6.2'",
            "version": "==3.0.23"
        },
        "ptyprocess": {
            "hashes": [
                "sha256:4b41f3967fce3af57cc7e94b888626c18bf37a083e3651ca8feeb66d492fef35",
                "sha256:5c5d0a3b48ceee0b48485e0c26037c0acd7d29765ca3fbb5cb3831d347423220"
            ],
            "version": "==0.7.0"
        },
        "py": {
            "hashes": [
                "sha256:51c75c4126074b472f746a24399ad32f6053d1b34b68d2fa41e558e6f4a98719",
                "sha256:607c53218732647dff4acdfcd50cb62615cedf612e72d1724fb1a0cc6405b378"
            ],
            "markers": "python_version >= '2.7' and python_version not in '3.0, 3.1, 3.2, 3.3, 3.4'",
            "version": "==1.11.0"
        },
        "pygments": {
            "hashes": [
                "sha256:b8e67fe6af78f492b3c4b3e2970c0624cbf08beb1e493b2c99b9fa1b67a20380",
                "sha256:f398865f7eb6874156579fdf36bc840a03cab64d1cde9e93d68f46a425ec52c6"
            ],
            "markers": "python_version >= '3.5'",
            "version": "==2.10.0"
        },
        "pyparsing": {
            "hashes": [
                "sha256:04ff808a5b90911829c55c4e26f75fa5ca8a2f5f36aa3a51f68e27033341d3e4",
                "sha256:d9bdec0013ef1eb5a84ab39a3b3868911598afa494f5faa038647101504e2b81"
            ],
            "markers": "python_version >= '3.6'",
            "version": "==3.0.6"
        },
        "pytest": {
            "hashes": [
                "sha256:131b36680866a76e6781d13f101efb86cf674ebb9762eb70d3082b6f29889e89",
                "sha256:7310f8d27bc79ced999e760ca304d69f6ba6c6649c0b60fb0e04a4a77cacc134"
            ],
            "index": "pypi",
            "version": "==6.2.5"
        },
        "pytest-cov": {
            "hashes": [
                "sha256:578d5d15ac4a25e5f961c938b85a05b09fdaae9deef3bb6de9a6e766622ca7a6",
                "sha256:e7f0f5b1617d2210a2cabc266dfe2f4c75a8d32fb89eafb7ad9d06f6d076d470"
            ],
            "index": "pypi",
            "version": "==3.0.0"
        },
        "pytest-forked": {
            "hashes": [
                "sha256:6aa9ac7e00ad1a539c41bec6d21011332de671e938c7637378ec9710204e37ca",
                "sha256:dc4147784048e70ef5d437951728825a131b81714b398d5d52f17c7c144d8815"
            ],
            "index": "pypi",
            "version": "==1.3.0"
        },
        "pytest-timeout": {
            "hashes": [
                "sha256:329bdea323d3e5bea4737070dd85a0d1021dbecb2da5342dc25284fdb929dff0",
                "sha256:a5ec4eceddb8ea726911848593d668594107e797621e97f93a1d1dbc6fbb9080"
            ],
            "index": "pypi",
            "version": "==2.0.1"
        },
        "pytest-xdist": {
            "hashes": [
                "sha256:7b61ebb46997a0820a263553179d6d1e25a8c50d8a8620cd1aa1e20e3be99168",
                "sha256:89b330316f7fc475f999c81b577c2b926c9569f3d397ae432c0c2e2496d61ff9"
            ],
            "index": "pypi",
            "version": "==2.4.0"
        },
        "readme-renderer": {
            "hashes": [
                "sha256:3286806450d9961d6e3b5f8a59f77e61503799aca5155c8d8d40359b4e1e1adc",
                "sha256:8299700d7a910c304072a7601eafada6712a5b011a20139417e1b1e9f04645d8"
            ],
            "version": "==30.0"
        },
        "requests": {
            "hashes": [
                "sha256:6c1246513ecd5ecd4528a0906f910e8f0f9c6b8ec72030dc9fd154dc1a6efd24",
                "sha256:b8aa58f8cf793ffd8782d3d8cb19e66ef36f7aba4353eec859e74678b01b07a7"
            ],
            "markers": "python_version >= '2.7' and python_version not in '3.0, 3.1, 3.2, 3.3, 3.4, 3.5'",
            "version": "==2.26.0"
        },
        "requests-toolbelt": {
            "hashes": [
                "sha256:380606e1d10dc85c3bd47bf5a6095f815ec007be7a8b69c878507068df059e6f",
                "sha256:968089d4584ad4ad7c171454f0a5c6dac23971e9472521ea3b6d49d610aa6fc0"
            ],
            "version": "==0.9.1"
        },
        "rfc3986": {
            "hashes": [
                "sha256:270aaf10d87d0d4e095063c65bf3ddbc6ee3d0b226328ce21e036f946e421835",
                "sha256:a86d6e1f5b1dc238b218b012df0aa79409667bb209e58da56d0b94704e712a97"
            ],
            "version": "==1.5.0"
        },
        "setuptools": {
            "hashes": [
                "sha256:10635f160e9e71546b883e337646567156a02808ecc0e7fafc12021deabf205e",
                "sha256:da27016d4b3b89cc9b672d93597520e44afa3f87a9aac32d3f084f37fa667ce7"
            ],
            "markers": "python_version >= '3.6'",
            "version": "==59.3.0"
        },
        "six": {
            "hashes": [
                "sha256:1e61c37477a1626458e36f7b1d82aa5c9b094fa4802892072e49de9c60c4c926",
                "sha256:8abb2f1d86890a2dfb989f9a77cfcfd3e47c2a354b01111771326f8aa26e0254"
            ],
            "markers": "python_version >= '2.7' and python_version not in '3.0, 3.1, 3.2'",
            "version": "==1.16.0"
        },
        "toml": {
            "hashes": [
                "sha256:806143ae5bfb6a3c6e736a764057db0e6a0e05e338b5630894a5f779cabb4f9b",
                "sha256:b3bda1d108d5dd99f4a20d24d9c348e91c4db7ab1b749200bded2f839ccbe68f"
            ],
            "markers": "python_version >= '2.6' and python_version not in '3.0, 3.1, 3.2'",
            "version": "==0.10.2"
        },
        "tomli": {
            "hashes": [
                "sha256:c6ce0015eb38820eaf32b5db832dbc26deb3dd427bd5f6556cf0acac2c214fee",
                "sha256:f04066f68f5554911363063a30b108d2b5a5b1a010aa8b6132af78489fe3aade"
            ],
            "version": "==1.2.2"
        },
        "tqdm": {
            "hashes": [
                "sha256:8dd278a422499cd6b727e6ae4061c40b48fce8b76d1ccbf5d34fca9b7f925b0c",
                "sha256:d359de7217506c9851b7869f3708d8ee53ed70a1b8edbba4dbcb47442592920d"
            ],
            "markers": "python_version >= '2.7' and python_version not in '3.0, 3.1, 3.2, 3.3'",
            "version": "==4.62.3"
        },
        "traitlets": {
            "hashes": [
                "sha256:059f456c5a7c1c82b98c2e8c799f39c9b8128f6d0d46941ee118daace9eb70c7",
                "sha256:2d313cc50a42cd6c277e7d7dc8d4d7fedd06a2c215f78766ae7b1a66277e0033"
            ],
            "markers": "python_version >= '3.7'",
            "version": "==5.1.1"
        },
        "twine": {
            "hashes": [
                "sha256:4caad5ef4722e127b3749052fcbffaaf71719b19d4fd4973b29c469957adeba2",
                "sha256:916070f8ecbd1985ebed5dbb02b9bda9a092882a96d7069d542d4fc0bb5c673c"
            ],
            "index": "pypi",
            "version": "==3.6.0"
        },
        "urllib3": {
            "hashes": [
                "sha256:4987c65554f7a2dbf30c18fd48778ef124af6fab771a377103da0585e2336ece",
                "sha256:c4fdf4019605b6e5423637e01bc9fe4daef873709a7973e195ceba0a62bbc844"
            ],
            "markers": "python_version >= '2.7' and python_version not in '3.0, 3.1, 3.2, 3.3, 3.4' and python_version < '4'",
            "version": "==1.26.7"
        },
        "wcwidth": {
            "hashes": [
                "sha256:beb4802a9cebb9144e99086eff703a642a13d6a0052920003a230f3294bbe784",
                "sha256:c4d647b99872929fdb7bdcaa4fbe7f01413ed3d98077df798530e5b04f116c83"
            ],
            "version": "==0.2.5"
        },
        "webencodings": {
            "hashes": [
                "sha256:a0af1213f3c2226497a97e2b3aa01a7e4bee4f403f95be16fc9acd2947514a78",
                "sha256:b36a1c245f2d304965eb4e0a82848379241dc04b865afcc4aab16748587e1923"
            ],
            "version": "==0.5.1"
        },
        "zipp": {
            "hashes": [
                "sha256:71c644c5369f4a6e07636f0aa966270449561fcea2e3d6747b8d23efaa9d7832",
                "sha256:9fe5ea21568a0a70e50f273397638d39b03353731e6cbbb3fd8502a33fec40bc"
            ],
            "markers": "python_version >= '3.6'",
            "version": "==3.6.0"
        }
    }
}
